
Microsoft Visual Studio Solution File, Format Version 12.00
# Visual Studio Version 17
VisualStudioVersion = 17.9.34728.123
MinimumVisualStudioVersion = 10.0.40219.1
Project("{A5DAEA3D-37EE-49E4-B06E-0544BC1D7DF8}") = "VigilByte", "VigilByte.csproj", "{0DE675E2-F1B0-4ADE-9FDE-A1AE0E7885A4}"
EndProject
Global
	GlobalSection(SolutionConfigurationPlatforms) = preSolution
		Debug|Any CPU = Debug|Any CPU
		Release|Any CPU = Release|Any CPU
	EndGlobalSection
	GlobalSection(ProjectConfigurationPlatforms) = postSolution
		{0DE675E2-F1B0-4ADE-9FDE-A1AE0E7885A4}.Debug|Any CPU.ActiveCfg = Debug|Any CPU
		{0DE675E2-F1B0-4ADE-9FDE-A1AE0E7885A4}.Debug|Any CPU.Build.0 = Debug|Any CPU
		{0DE675E2-F1B0-4ADE-9FDE-A1AE0E7885A4}.Release|Any CPU.ActiveCfg = Release|Any CPU
		{0DE675E2-F1B0-4ADE-9FDE-A1AE0E7885A4}.Release|Any CPU.Build.0 = Release|Any CPU
	EndGlobalSection
	GlobalSection(SolutionProperties) = preSolution
		HideSolutionNode = FALSE
	EndGlobalSection
	GlobalSection(ExtensibilityGlobals) = postSolution
		SolutionGuid = {7E775807-BE44-4D98-8E7D-FDAEAC176C1B}
	EndGlobalSection
EndGlobal
